// !$*UTF8*$!
{
	archiveVersion = 1;
	classes = {
	};
	objectVersion = 56;
	objects = {

/* Begin PBXBuildFile section */
		2DB55BCB84A53DD3582A15A5 /* Pods_DevPoliChallenge.framework in Frameworks */ = {isa = PBXBuildFile; fileRef = 64CB0E725F428065D562C05C /* Pods_DevPoliChallenge.framework */; };
		35475B5B2C6C082A00FBE1DD /* ViewController.swift in Sources */ = {isa = PBXBuildFile; fileRef = 35475B5A2C6C082A00FBE1DD /* ViewController.swift */; };
		35673A342C19CF040052D827 /* Api.swift in Sources */ = {isa = PBXBuildFile; fileRef = 35673A332C19CF040052D827 /* Api.swift */; };
		3567B9932C9B78B20079B3A0 /* VoiceRecordingViewController.swift in Sources */ = {isa = PBXBuildFile; fileRef = 3567B9922C9B78B20079B3A0 /* VoiceRecordingViewController.swift */; };
		3567B9972C9B7A6D0079B3A0 /* VoiceRecordingInteractor.swift in Sources */ = {isa = PBXBuildFile; fileRef = 3567B9962C9B7A6D0079B3A0 /* VoiceRecordingInteractor.swift */; };
		3567B9992C9B83D20079B3A0 /* VoiceRecordingFactory.swift in Sources */ = {isa = PBXBuildFile; fileRef = 3567B9982C9B83D20079B3A0 /* VoiceRecordingFactory.swift */; };
		358714752BB0CB13001C45A5 /* SignInFactory.swift in Sources */ = {isa = PBXBuildFile; fileRef = 358714742BB0CB13001C45A5 /* SignInFactory.swift */; };
		358714772BB0CB27001C45A5 /* SignInInteractor.swift in Sources */ = {isa = PBXBuildFile; fileRef = 358714762BB0CB27001C45A5 /* SignInInteractor.swift */; };
		358714792BB0CB43001C45A5 /* SignInPresenter.swift in Sources */ = {isa = PBXBuildFile; fileRef = 358714782BB0CB43001C45A5 /* SignInPresenter.swift */; };
		3587147B2BB0CB56001C45A5 /* SignInCoordinator.swift in Sources */ = {isa = PBXBuildFile; fileRef = 3587147A2BB0CB56001C45A5 /* SignInCoordinator.swift */; };
		3587147D2BB0CC5E001C45A5 /* SignInViewController.swift in Sources */ = {isa = PBXBuildFile; fileRef = 3587147C2BB0CC5E001C45A5 /* SignInViewController.swift */; };
		35B1ED4B2BB8AC8E00048E47 /* SignUpFactory.swift in Sources */ = {isa = PBXBuildFile; fileRef = 35B1ED4A2BB8AC8E00048E47 /* SignUpFactory.swift */; };
		35B1ED4D2BB8ACA100048E47 /* SignUpPresenter.swift in Sources */ = {isa = PBXBuildFile; fileRef = 35B1ED4C2BB8ACA100048E47 /* SignUpPresenter.swift */; };
		35B1ED4F2BB8ACB000048E47 /* SignUpInteractor.swift in Sources */ = {isa = PBXBuildFile; fileRef = 35B1ED4E2BB8ACB000048E47 /* SignUpInteractor.swift */; };
		35B1ED512BB8ACBF00048E47 /* SignUpCoordinator.swift in Sources */ = {isa = PBXBuildFile; fileRef = 35B1ED502BB8ACBF00048E47 /* SignUpCoordinator.swift */; };
		35B1ED532BB8ACD100048E47 /* SignUpViewController.swift in Sources */ = {isa = PBXBuildFile; fileRef = 35B1ED522BB8ACD100048E47 /* SignUpViewController.swift */; };
		35C66B562BC1B052007168AB /* SignInService.swift in Sources */ = {isa = PBXBuildFile; fileRef = 35C66B552BC1B052007168AB /* SignInService.swift */; };
		35C66B582BC1B0C7007168AB /* SignUpService.swift in Sources */ = {isa = PBXBuildFile; fileRef = 35C66B572BC1B0C7007168AB /* SignUpService.swift */; };
		35C66B5B2BC1DF84007168AB /* String+Extension.swift in Sources */ = {isa = PBXBuildFile; fileRef = 35C66B5A2BC1DF83007168AB /* String+Extension.swift */; };
		35C66B5E2BC1E3F1007168AB /* TextFieldComponentView.swift in Sources */ = {isa = PBXBuildFile; fileRef = 35C66B5D2BC1E3F1007168AB /* TextFieldComponentView.swift */; };
		35C8EF362BDB4D44007B2DBD /* IdentifierTextField.swift in Sources */ = {isa = PBXBuildFile; fileRef = 35C8EF352BDB4D44007B2DBD /* IdentifierTextField.swift */; };
		35D247D52BB3A57300933EC7 /* GoogleService-Info.plist in Resources */ = {isa = PBXBuildFile; fileRef = 35D247D42BB3A57300933EC7 /* GoogleService-Info.plist */; };
		35D561202BEC4E6D0038B84F /* WebViewViewController.swift in Sources */ = {isa = PBXBuildFile; fileRef = 35D5611F2BEC4E6D0038B84F /* WebViewViewController.swift */; };
		4C33FF2E2A75A2640002E765 /* UIColor+ext.swift in Sources */ = {isa = PBXBuildFile; fileRef = 4C33FF2D2A75A2640002E765 /* UIColor+ext.swift */; };
		4C33FF332A75A3F40002E765 /* DS.swift in Sources */ = {isa = PBXBuildFile; fileRef = 4C33FF322A75A3F40002E765 /* DS.swift */; };
		4C33FF352A75A4550002E765 /* DS+Colors.swift in Sources */ = {isa = PBXBuildFile; fileRef = 4C33FF342A75A4550002E765 /* DS+Colors.swift */; };
		4C3862A42A758819005C9C3B /* AppDelegate.swift in Sources */ = {isa = PBXBuildFile; fileRef = 4C3862A32A758819005C9C3B /* AppDelegate.swift */; };
		4C3862A62A758819005C9C3B /* SceneDelegate.swift in Sources */ = {isa = PBXBuildFile; fileRef = 4C3862A52A758819005C9C3B /* SceneDelegate.swift */; };
		4C3862AD2A75881C005C9C3B /* Assets.xcassets in Resources */ = {isa = PBXBuildFile; fileRef = 4C3862AC2A75881C005C9C3B /* Assets.xcassets */; };
		4C3862B02A75881C005C9C3B /* LaunchScreen.storyboard in Resources */ = {isa = PBXBuildFile; fileRef = 4C3862AE2A75881C005C9C3B /* LaunchScreen.storyboard */; };
/* End PBXBuildFile section */

/* Begin PBXFileReference section */
		35475B5A2C6C082A00FBE1DD /* ViewController.swift */ = {isa = PBXFileReference; lastKnownFileType = sourcecode.swift; path = ViewController.swift; sourceTree = "<group>"; };
		35673A332C19CF040052D827 /* Api.swift */ = {isa = PBXFileReference; lastKnownFileType = sourcecode.swift; path = Api.swift; sourceTree = "<group>"; };
		3567B9922C9B78B20079B3A0 /* VoiceRecordingViewController.swift */ = {isa = PBXFileReference; lastKnownFileType = sourcecode.swift; path = VoiceRecordingViewController.swift; sourceTree = "<group>"; };
		3567B9962C9B7A6D0079B3A0 /* VoiceRecordingInteractor.swift */ = {isa = PBXFileReference; lastKnownFileType = sourcecode.swift; path = VoiceRecordingInteractor.swift; sourceTree = "<group>"; };
		3567B9982C9B83D20079B3A0 /* VoiceRecordingFactory.swift */ = {isa = PBXFileReference; lastKnownFileType = sourcecode.swift; path = VoiceRecordingFactory.swift; sourceTree = "<group>"; };
		358714742BB0CB13001C45A5 /* SignInFactory.swift */ = {isa = PBXFileReference; lastKnownFileType = sourcecode.swift; path = SignInFactory.swift; sourceTree = "<group>"; };
		358714762BB0CB27001C45A5 /* SignInInteractor.swift */ = {isa = PBXFileReference; lastKnownFileType = sourcecode.swift; path = SignInInteractor.swift; sourceTree = "<group>"; };
		358714782BB0CB43001C45A5 /* SignInPresenter.swift */ = {isa = PBXFileReference; lastKnownFileType = sourcecode.swift; path = SignInPresenter.swift; sourceTree = "<group>"; };
		3587147A2BB0CB56001C45A5 /* SignInCoordinator.swift */ = {isa = PBXFileReference; lastKnownFileType = sourcecode.swift; path = SignInCoordinator.swift; sourceTree = "<group>"; };
		3587147C2BB0CC5E001C45A5 /* SignInViewController.swift */ = {isa = PBXFileReference; lastKnownFileType = sourcecode.swift; path = SignInViewController.swift; sourceTree = "<group>"; };
		3595E5212BDBFB7100B665B9 /* DevPoliChallenge.entitlements */ = {isa = PBXFileReference; lastKnownFileType = text.plist.entitlements; path = DevPoliChallenge.entitlements; sourceTree = "<group>"; };
		35B1ED4A2BB8AC8E00048E47 /* SignUpFactory.swift */ = {isa = PBXFileReference; lastKnownFileType = sourcecode.swift; path = SignUpFactory.swift; sourceTree = "<group>"; };
		35B1ED4C2BB8ACA100048E47 /* SignUpPresenter.swift */ = {isa = PBXFileReference; lastKnownFileType = sourcecode.swift; path = SignUpPresenter.swift; sourceTree = "<group>"; };
		35B1ED4E2BB8ACB000048E47 /* SignUpInteractor.swift */ = {isa = PBXFileReference; lastKnownFileType = sourcecode.swift; path = SignUpInteractor.swift; sourceTree = "<group>"; };
		35B1ED502BB8ACBF00048E47 /* SignUpCoordinator.swift */ = {isa = PBXFileReference; lastKnownFileType = sourcecode.swift; path = SignUpCoordinator.swift; sourceTree = "<group>"; };
		35B1ED522BB8ACD100048E47 /* SignUpViewController.swift */ = {isa = PBXFileReference; lastKnownFileType = sourcecode.swift; path = SignUpViewController.swift; sourceTree = "<group>"; };
		35C66B552BC1B052007168AB /* SignInService.swift */ = {isa = PBXFileReference; lastKnownFileType = sourcecode.swift; path = SignInService.swift; sourceTree = "<group>"; };
		35C66B572BC1B0C7007168AB /* SignUpService.swift */ = {isa = PBXFileReference; lastKnownFileType = sourcecode.swift; path = SignUpService.swift; sourceTree = "<group>"; };
		35C66B5A2BC1DF83007168AB /* String+Extension.swift */ = {isa = PBXFileReference; lastKnownFileType = sourcecode.swift; path = "String+Extension.swift"; sourceTree = "<group>"; };
		35C66B5D2BC1E3F1007168AB /* TextFieldComponentView.swift */ = {isa = PBXFileReference; lastKnownFileType = sourcecode.swift; path = TextFieldComponentView.swift; sourceTree = "<group>"; };
		35C8EF352BDB4D44007B2DBD /* IdentifierTextField.swift */ = {isa = PBXFileReference; lastKnownFileType = sourcecode.swift; path = IdentifierTextField.swift; sourceTree = "<group>"; };
		35D247D42BB3A57300933EC7 /* GoogleService-Info.plist */ = {isa = PBXFileReference; fileEncoding = 4; lastKnownFileType = text.plist.xml; path = "GoogleService-Info.plist"; sourceTree = "<group>"; };
		35D5611F2BEC4E6D0038B84F /* WebViewViewController.swift */ = {isa = PBXFileReference; lastKnownFileType = sourcecode.swift; path = WebViewViewController.swift; sourceTree = "<group>"; };
		4C33FF2D2A75A2640002E765 /* UIColor+ext.swift */ = {isa = PBXFileReference; lastKnownFileType = sourcecode.swift; path = "UIColor+ext.swift"; sourceTree = "<group>"; };
		4C33FF322A75A3F40002E765 /* DS.swift */ = {isa = PBXFileReference; lastKnownFileType = sourcecode.swift; path = DS.swift; sourceTree = "<group>"; };
		4C33FF342A75A4550002E765 /* DS+Colors.swift */ = {isa = PBXFileReference; lastKnownFileType = sourcecode.swift; path = "DS+Colors.swift"; sourceTree = "<group>"; };
		4C33FF452A760A030002E765 /* Material */ = {isa = PBXFileReference; lastKnownFileType = folder; path = Material; sourceTree = "<group>"; };
		4C3862A02A758819005C9C3B /* DevPoliChallenge.app */ = {isa = PBXFileReference; explicitFileType = wrapper.application; includeInIndex = 0; path = DevPoliChallenge.app; sourceTree = BUILT_PRODUCTS_DIR; };
		4C3862A32A758819005C9C3B /* AppDelegate.swift */ = {isa = PBXFileReference; lastKnownFileType = sourcecode.swift; path = AppDelegate.swift; sourceTree = "<group>"; };
		4C3862A52A758819005C9C3B /* SceneDelegate.swift */ = {isa = PBXFileReference; lastKnownFileType = sourcecode.swift; path = SceneDelegate.swift; sourceTree = "<group>"; };
		4C3862AC2A75881C005C9C3B /* Assets.xcassets */ = {isa = PBXFileReference; lastKnownFileType = folder.assetcatalog; path = Assets.xcassets; sourceTree = "<group>"; };
		4C3862AF2A75881C005C9C3B /* Base */ = {isa = PBXFileReference; lastKnownFileType = file.storyboard; name = Base; path = Base.lproj/LaunchScreen.storyboard; sourceTree = "<group>"; };
		4C3862B12A75881C005C9C3B /* Info.plist */ = {isa = PBXFileReference; lastKnownFileType = text.plist.xml; path = Info.plist; sourceTree = "<group>"; };
		506EC7974A8FFD63ED44B22E /* Pods-DevPoliChallenge.release.xcconfig */ = {isa = PBXFileReference; includeInIndex = 1; lastKnownFileType = text.xcconfig; name = "Pods-DevPoliChallenge.release.xcconfig"; path = "Target Support Files/Pods-DevPoliChallenge/Pods-DevPoliChallenge.release.xcconfig"; sourceTree = "<group>"; };
		64CB0E725F428065D562C05C /* Pods_DevPoliChallenge.framework */ = {isa = PBXFileReference; explicitFileType = wrapper.framework; includeInIndex = 0; path = Pods_DevPoliChallenge.framework; sourceTree = BUILT_PRODUCTS_DIR; };
		D7C159868B3C5C6A335150BF /* Pods-DevPoliChallenge.debug.xcconfig */ = {isa = PBXFileReference; includeInIndex = 1; lastKnownFileType = text.xcconfig; name = "Pods-DevPoliChallenge.debug.xcconfig"; path = "Target Support Files/Pods-DevPoliChallenge/Pods-DevPoliChallenge.debug.xcconfig"; sourceTree = "<group>"; };
/* End PBXFileReference section */

/* Begin PBXFrameworksBuildPhase section */
		4C38629D2A758819005C9C3B /* Frameworks */ = {
			isa = PBXFrameworksBuildPhase;
			buildActionMask = 2147483647;
			files = (
				2DB55BCB84A53DD3582A15A5 /* Pods_DevPoliChallenge.framework in Frameworks */,
			);
			runOnlyForDeploymentPostprocessing = 0;
		};
/* End PBXFrameworksBuildPhase section */

/* Begin PBXGroup section */
		17583AA1C2775D0F30537559 /* Frameworks */ = {
			isa = PBXGroup;
			children = (
				64CB0E725F428065D562C05C /* Pods_DevPoliChallenge.framework */,
			);
			name = Frameworks;
			sourceTree = "<group>";
		};
		35475B592C6C080A00FBE1DD /* Components */ = {
			isa = PBXGroup;
			children = (
				35475B5A2C6C082A00FBE1DD /* ViewController.swift */,
			);
			path = Components;
			sourceTree = "<group>";
		};
		35673A322C19CEF20052D827 /* Api */ = {
			isa = PBXGroup;
			children = (
				35673A332C19CF040052D827 /* Api.swift */,
			);
			path = Api;
			sourceTree = "<group>";
		};
		3567B9902C9B77C70079B3A0 /* Scenes */ = {
			isa = PBXGroup;
			children = (
				3567B9912C9B77D70079B3A0 /* VoiceRecording */,
				358714732BB0CADC001C45A5 /* SignIn */,
				358714722BB0CAA8001C45A5 /* SignUp */,
			);
			path = Scenes;
			sourceTree = "<group>";
		};
		3567B9912C9B77D70079B3A0 /* VoiceRecording */ = {
			isa = PBXGroup;
			children = (
				3567B9922C9B78B20079B3A0 /* VoiceRecordingViewController.swift */,
				3567B9962C9B7A6D0079B3A0 /* VoiceRecordingInteractor.swift */,
				3567B9982C9B83D20079B3A0 /* VoiceRecordingFactory.swift */,
			);
			path = VoiceRecording;
			sourceTree = "<group>";
		};
		358714722BB0CAA8001C45A5 /* SignUp */ = {
			isa = PBXGroup;
			children = (
				35B1ED4A2BB8AC8E00048E47 /* SignUpFactory.swift */,
				35B1ED4C2BB8ACA100048E47 /* SignUpPresenter.swift */,
				35B1ED4E2BB8ACB000048E47 /* SignUpInteractor.swift */,
				35B1ED502BB8ACBF00048E47 /* SignUpCoordinator.swift */,
				35B1ED522BB8ACD100048E47 /* SignUpViewController.swift */,
				35C66B572BC1B0C7007168AB /* SignUpService.swift */,
			);
			path = SignUp;
			sourceTree = "<group>";
		};
		358714732BB0CADC001C45A5 /* SignIn */ = {
			isa = PBXGroup;
			children = (
				358714742BB0CB13001C45A5 /* SignInFactory.swift */,
				358714762BB0CB27001C45A5 /* SignInInteractor.swift */,
				358714782BB0CB43001C45A5 /* SignInPresenter.swift */,
				3587147A2BB0CB56001C45A5 /* SignInCoordinator.swift */,
				3587147C2BB0CC5E001C45A5 /* SignInViewController.swift */,
				35C66B552BC1B052007168AB /* SignInService.swift */,
			);
			path = SignIn;
			sourceTree = "<group>";
		};
		35C66B592BC1DF6C007168AB /* Extension */ = {
			isa = PBXGroup;
			children = (
				35C66B5A2BC1DF83007168AB /* String+Extension.swift */,
			);
			path = Extension;
			sourceTree = "<group>";
		};
		35C66B5C2BC1E3D6007168AB /* TextFieldComponentView */ = {
			isa = PBXGroup;
			children = (
				35C66B5D2BC1E3F1007168AB /* TextFieldComponentView.swift */,
			);
			path = TextFieldComponentView;
			sourceTree = "<group>";
		};
		35C8EF342BDB4CF8007B2DBD /* Common */ = {
			isa = PBXGroup;
			children = (
				35C8EF352BDB4D44007B2DBD /* IdentifierTextField.swift */,
			);
			path = Common;
			sourceTree = "<group>";
		};
		35D5611E2BEC4E2F0038B84F /* WebViewViewController */ = {
			isa = PBXGroup;
			children = (
				35D5611F2BEC4E6D0038B84F /* WebViewViewController.swift */,
			);
			path = WebViewViewController;
			sourceTree = "<group>";
		};
		4C33FF2C2A75A2560002E765 /* Utils */ = {
			isa = PBXGroup;
			children = (
				35D5611E2BEC4E2F0038B84F /* WebViewViewController */,
				35C66B5C2BC1E3D6007168AB /* TextFieldComponentView */,
				35C66B592BC1DF6C007168AB /* Extension */,
				4C33FF2D2A75A2640002E765 /* UIColor+ext.swift */,
			);
			path = Utils;
			sourceTree = "<group>";
		};
		4C33FF2F2A75A3810002E765 /* DesignSystem */ = {
			isa = PBXGroup;
			children = (
				4C33FF342A75A4550002E765 /* DS+Colors.swift */,
				4C33FF322A75A3F40002E765 /* DS.swift */,
			);
			path = DesignSystem;
			sourceTree = "<group>";
		};
		4C3862972A758819005C9C3B = {
			isa = PBXGroup;
			children = (
				4C33FF452A760A030002E765 /* Material */,
				4C3862A22A758819005C9C3B /* DevPoliChallenge */,
				4C3862A12A758819005C9C3B /* Products */,
				793073E73DF454235F2FA578 /* Pods */,
				17583AA1C2775D0F30537559 /* Frameworks */,
			);
			sourceTree = "<group>";
		};
		4C3862A12A758819005C9C3B /* Products */ = {
			isa = PBXGroup;
			children = (
				4C3862A02A758819005C9C3B /* DevPoliChallenge.app */,
			);
			name = Products;
			sourceTree = "<group>";
		};
		4C3862A22A758819005C9C3B /* DevPoliChallenge */ = {
			isa = PBXGroup;
			children = (
				35475B592C6C080A00FBE1DD /* Components */,
				3595E5212BDBFB7100B665B9 /* DevPoliChallenge.entitlements */,
				35C8EF342BDB4CF8007B2DBD /* Common */,
				4C33FF2F2A75A3810002E765 /* DesignSystem */,
				4C33FF2C2A75A2560002E765 /* Utils */,
				4C3862B92A758A98005C9C3B /* Features */,
				4C3862B82A758A36005C9C3B /* Resources */,
				4C3862B72A758A2A005C9C3B /* App */,
			);
			path = DevPoliChallenge;
			sourceTree = "<group>";
		};
		4C3862B72A758A2A005C9C3B /* App */ = {
			isa = PBXGroup;
			children = (
				4C3862A32A758819005C9C3B /* AppDelegate.swift */,
				4C3862A52A758819005C9C3B /* SceneDelegate.swift */,
			);
			path = App;
			sourceTree = "<group>";
		};
		4C3862B82A758A36005C9C3B /* Resources */ = {
			isa = PBXGroup;
			children = (
				35D247D42BB3A57300933EC7 /* GoogleService-Info.plist */,
				4C3862AE2A75881C005C9C3B /* LaunchScreen.storyboard */,
				4C3862AC2A75881C005C9C3B /* Assets.xcassets */,
				4C3862B12A75881C005C9C3B /* Info.plist */,
			);
			path = Resources;
			sourceTree = "<group>";
		};
		4C3862B92A758A98005C9C3B /* Features */ = {
			isa = PBXGroup;
			children = (
				3567B9902C9B77C70079B3A0 /* Scenes */,
				35673A322C19CEF20052D827 /* Api */,
			);
			path = Features;
			sourceTree = "<group>";
		};
		793073E73DF454235F2FA578 /* Pods */ = {
			isa = PBXGroup;
			children = (
				D7C159868B3C5C6A335150BF /* Pods-DevPoliChallenge.debug.xcconfig */,
				506EC7974A8FFD63ED44B22E /* Pods-DevPoliChallenge.release.xcconfig */,
			);
			path = Pods;
			sourceTree = "<group>";
		};
/* End PBXGroup section */

/* Begin PBXNativeTarget section */
		4C38629F2A758819005C9C3B /* DevPoliChallenge */ = {
			isa = PBXNativeTarget;
			buildConfigurationList = 4C3862B42A75881C005C9C3B /* Build configuration list for PBXNativeTarget "DevPoliChallenge" */;
			buildPhases = (
				133C7C5D6C8F570ACBD62164 /* [CP] Check Pods Manifest.lock */,
				4C38629C2A758819005C9C3B /* Sources */,
				4C38629D2A758819005C9C3B /* Frameworks */,
				4C38629E2A758819005C9C3B /* Resources */,
				0F1AEDB6DBC7B119079F7F89 /* [CP] Embed Pods Frameworks */,
			);
			buildRules = (
			);
			dependencies = (
			);
			name = DevPoliChallenge;
			productName = DevPoliChallenge;
			productReference = 4C3862A02A758819005C9C3B /* DevPoliChallenge.app */;
			productType = "com.apple.product-type.application";
		};
/* End PBXNativeTarget section */

/* Begin PBXProject section */
		4C3862982A758819005C9C3B /* Project object */ = {
			isa = PBXProject;
			attributes = {
				BuildIndependentTargetsInParallel = 1;
				LastSwiftUpdateCheck = 1430;
				LastUpgradeCheck = 1430;
				ORGANIZATIONNAME = DevPoli;
				TargetAttributes = {
					4C38629F2A758819005C9C3B = {
						CreatedOnToolsVersion = 14.3.1;
					};
				};
			};
			buildConfigurationList = 4C38629B2A758819005C9C3B /* Build configuration list for PBXProject "DevPoliChallenge" */;
			compatibilityVersion = "Xcode 14.0";
			developmentRegion = en;
			hasScannedForEncodings = 0;
			knownRegions = (
				en,
				Base,
			);
			mainGroup = 4C3862972A758819005C9C3B;
			productRefGroup = 4C3862A12A758819005C9C3B /* Products */;
			projectDirPath = "";
			projectRoot = "";
			targets = (
				4C38629F2A758819005C9C3B /* DevPoliChallenge */,
			);
		};
/* End PBXProject section */

/* Begin PBXResourcesBuildPhase section */
		4C38629E2A758819005C9C3B /* Resources */ = {
			isa = PBXResourcesBuildPhase;
			buildActionMask = 2147483647;
			files = (
				4C3862B02A75881C005C9C3B /* LaunchScreen.storyboard in Resources */,
				4C3862AD2A75881C005C9C3B /* Assets.xcassets in Resources */,
				35D247D52BB3A57300933EC7 /* GoogleService-Info.plist in Resources */,
			);
			runOnlyForDeploymentPostprocessing = 0;
		};
/* End PBXResourcesBuildPhase section */

/* Begin PBXShellScriptBuildPhase section */
		0F1AEDB6DBC7B119079F7F89 /* [CP] Embed Pods Frameworks */ = {
			isa = PBXShellScriptBuildPhase;
			buildActionMask = 2147483647;
			files = (
			);
			inputFileListPaths = (
				"${PODS_ROOT}/Target Support Files/Pods-DevPoliChallenge/Pods-DevPoliChallenge-frameworks-${CONFIGURATION}-input-files.xcfilelist",
			);
			name = "[CP] Embed Pods Frameworks";
			outputFileListPaths = (
				"${PODS_ROOT}/Target Support Files/Pods-DevPoliChallenge/Pods-DevPoliChallenge-frameworks-${CONFIGURATION}-output-files.xcfilelist",
			);
			runOnlyForDeploymentPostprocessing = 0;
			shellPath = /bin/sh;
			shellScript = "\"${PODS_ROOT}/Target Support Files/Pods-DevPoliChallenge/Pods-DevPoliChallenge-frameworks.sh\"\n";
			showEnvVarsInLog = 0;
		};
		133C7C5D6C8F570ACBD62164 /* [CP] Check Pods Manifest.lock */ = {
			isa = PBXShellScriptBuildPhase;
			buildActionMask = 2147483647;
			files = (
			);
			inputFileListPaths = (
			);
			inputPaths = (
				"${PODS_PODFILE_DIR_PATH}/Podfile.lock",
				"${PODS_ROOT}/Manifest.lock",
			);
			name = "[CP] Check Pods Manifest.lock";
			outputFileListPaths = (
			);
			outputPaths = (
				"$(DERIVED_FILE_DIR)/Pods-DevPoliChallenge-checkManifestLockResult.txt",
			);
			runOnlyForDeploymentPostprocessing = 0;
			shellPath = /bin/sh;
			shellScript = "diff \"${PODS_PODFILE_DIR_PATH}/Podfile.lock\" \"${PODS_ROOT}/Manifest.lock\" > /dev/null\nif [ $? != 0 ] ; then\n    # print error to STDERR\n    echo \"error: The sandbox is not in sync with the Podfile.lock. Run 'pod install' or update your CocoaPods installation.\" >&2\n    exit 1\nfi\n# This output is used by Xcode 'outputs' to avoid re-running this script phase.\necho \"SUCCESS\" > \"${SCRIPT_OUTPUT_FILE_0}\"\n";
			showEnvVarsInLog = 0;
		};
/* End PBXShellScriptBuildPhase section */

/* Begin PBXSourcesBuildPhase section */
		4C38629C2A758819005C9C3B /* Sources */ = {
			isa = PBXSourcesBuildPhase;
			buildActionMask = 2147483647;
			files = (
				3587147D2BB0CC5E001C45A5 /* SignInViewController.swift in Sources */,
				35B1ED4B2BB8AC8E00048E47 /* SignUpFactory.swift in Sources */,
				35B1ED512BB8ACBF00048E47 /* SignUpCoordinator.swift in Sources */,
				358714752BB0CB13001C45A5 /* SignInFactory.swift in Sources */,
				4C33FF352A75A4550002E765 /* DS+Colors.swift in Sources */,
				35B1ED4D2BB8ACA100048E47 /* SignUpPresenter.swift in Sources */,
				358714792BB0CB43001C45A5 /* SignInPresenter.swift in Sources */,
				3567B9972C9B7A6D0079B3A0 /* VoiceRecordingInteractor.swift in Sources */,
				35475B5B2C6C082A00FBE1DD /* ViewController.swift in Sources */,
				35D561202BEC4E6D0038B84F /* WebViewViewController.swift in Sources */,
				35C66B562BC1B052007168AB /* SignInService.swift in Sources */,
				35C8EF362BDB4D44007B2DBD /* IdentifierTextField.swift in Sources */,
				3567B9932C9B78B20079B3A0 /* VoiceRecordingViewController.swift in Sources */,
				3587147B2BB0CB56001C45A5 /* SignInCoordinator.swift in Sources */,
				35C66B5E2BC1E3F1007168AB /* TextFieldComponentView.swift in Sources */,
				35C66B5B2BC1DF84007168AB /* String+Extension.swift in Sources */,
				4C33FF332A75A3F40002E765 /* DS.swift in Sources */,
				35B1ED532BB8ACD100048E47 /* SignUpViewController.swift in Sources */,
				358714772BB0CB27001C45A5 /* SignInInteractor.swift in Sources */,
				35673A342C19CF040052D827 /* Api.swift in Sources */,
				4C33FF2E2A75A2640002E765 /* UIColor+ext.swift in Sources */,
				35C66B582BC1B0C7007168AB /* SignUpService.swift in Sources */,
				4C3862A42A758819005C9C3B /* AppDelegate.swift in Sources */,
				35B1ED4F2BB8ACB000048E47 /* SignUpInteractor.swift in Sources */,
				4C3862A62A758819005C9C3B /* SceneDelegate.swift in Sources */,
				3567B9992C9B83D20079B3A0 /* VoiceRecordingFactory.swift in Sources */,
			);
			runOnlyForDeploymentPostprocessing = 0;
		};
/* End PBXSourcesBuildPhase section */

/* Begin PBXVariantGroup section */
		4C3862AE2A75881C005C9C3B /* LaunchScreen.storyboard */ = {
			isa = PBXVariantGroup;
			children = (
				4C3862AF2A75881C005C9C3B /* Base */,
			);
			name = LaunchScreen.storyboard;
			sourceTree = "<group>";
		};
/* End PBXVariantGroup section */

/* Begin XCBuildConfiguration section */
		4C3862B22A75881C005C9C3B /* Debug */ = {
			isa = XCBuildConfiguration;
			buildSettings = {
				ALWAYS_SEARCH_USER_PATHS = NO;
				CLANG_ANALYZER_NONNULL = YES;
				CLANG_ANALYZER_NUMBER_OBJECT_CONVERSION = YES_AGGRESSIVE;
				CLANG_CXX_LANGUAGE_STANDARD = "gnu++20";
				CLANG_ENABLE_MODULES = YES;
				CLANG_ENABLE_OBJC_ARC = YES;
				CLANG_ENABLE_OBJC_WEAK = YES;
				CLANG_WARN_BLOCK_CAPTURE_AUTORELEASING = YES;
				CLANG_WARN_BOOL_CONVERSION = YES;
				CLANG_WARN_COMMA = YES;
				CLANG_WARN_CONSTANT_CONVERSION = YES;
				CLANG_WARN_DEPRECATED_OBJC_IMPLEMENTATIONS = YES;
				CLANG_WARN_DIRECT_OBJC_ISA_USAGE = YES_ERROR;
				CLANG_WARN_DOCUMENTATION_COMMENTS = YES;
				CLANG_WARN_EMPTY_BODY = YES;
				CLANG_WARN_ENUM_CONVERSION = YES;
				CLANG_WARN_INFINITE_RECURSION = YES;
				CLANG_WARN_INT_CONVERSION = YES;
				CLANG_WARN_NON_LITERAL_NULL_CONVERSION = YES;
				CLANG_WARN_OBJC_IMPLICIT_RETAIN_SELF = YES;
				CLANG_WARN_OBJC_LITERAL_CONVERSION = YES;
				CLANG_WARN_OBJC_ROOT_CLASS = YES_ERROR;
				CLANG_WARN_QUOTED_INCLUDE_IN_FRAMEWORK_HEADER = YES;
				CLANG_WARN_RANGE_LOOP_ANALYSIS = YES;
				CLANG_WARN_STRICT_PROTOTYPES = YES;
				CLANG_WARN_SUSPICIOUS_MOVE = YES;
				CLANG_WARN_UNGUARDED_AVAILABILITY = YES_AGGRESSIVE;
				CLANG_WARN_UNREACHABLE_CODE = YES;
				CLANG_WARN__DUPLICATE_METHOD_MATCH = YES;
				COPY_PHASE_STRIP = NO;
				DEBUG_INFORMATION_FORMAT = dwarf;
				ENABLE_STRICT_OBJC_MSGSEND = YES;
				ENABLE_TESTABILITY = YES;
				GCC_C_LANGUAGE_STANDARD = gnu11;
				GCC_DYNAMIC_NO_PIC = NO;
				GCC_NO_COMMON_BLOCKS = YES;
				GCC_OPTIMIZATION_LEVEL = 0;
				GCC_PREPROCESSOR_DEFINITIONS = (
					"DEBUG=1",
					"$(inherited)",
				);
				GCC_WARN_64_TO_32_BIT_CONVERSION = YES;
				GCC_WARN_ABOUT_RETURN_TYPE = YES_ERROR;
				GCC_WARN_UNDECLARED_SELECTOR = YES;
				GCC_WARN_UNINITIALIZED_AUTOS = YES_AGGRESSIVE;
				GCC_WARN_UNUSED_FUNCTION = YES;
				GCC_WARN_UNUSED_VARIABLE = YES;
				IPHONEOS_DEPLOYMENT_TARGET = 16.4;
				MTL_ENABLE_DEBUG_INFO = INCLUDE_SOURCE;
				MTL_FAST_MATH = YES;
				ONLY_ACTIVE_ARCH = YES;
				SDKROOT = iphoneos;
				SWIFT_ACTIVE_COMPILATION_CONDITIONS = DEBUG;
				SWIFT_OPTIMIZATION_LEVEL = "-Onone";
			};
			name = Debug;
		};
		4C3862B32A75881C005C9C3B /* Release */ = {
			isa = XCBuildConfiguration;
			buildSettings = {
				ALWAYS_SEARCH_USER_PATHS = NO;
				CLANG_ANALYZER_NONNULL = YES;
				CLANG_ANALYZER_NUMBER_OBJECT_CONVERSION = YES_AGGRESSIVE;
				CLANG_CXX_LANGUAGE_STANDARD = "gnu++20";
				CLANG_ENABLE_MODULES = YES;
				CLANG_ENABLE_OBJC_ARC = YES;
				CLANG_ENABLE_OBJC_WEAK = YES;
				CLANG_WARN_BLOCK_CAPTURE_AUTORELEASING = YES;
				CLANG_WARN_BOOL_CONVERSION = YES;
				CLANG_WARN_COMMA = YES;
				CLANG_WARN_CONSTANT_CONVERSION = YES;
				CLANG_WARN_DEPRECATED_OBJC_IMPLEMENTATIONS = YES;
				CLANG_WARN_DIRECT_OBJC_ISA_USAGE = YES_ERROR;
				CLANG_WARN_DOCUMENTATION_COMMENTS = YES;
				CLANG_WARN_EMPTY_BODY = YES;
				CLANG_WARN_ENUM_CONVERSION = YES;
				CLANG_WARN_INFINITE_RECURSION = YES;
				CLANG_WARN_INT_CONVERSION = YES;
				CLANG_WARN_NON_LITERAL_NULL_CONVERSION = YES;
				CLANG_WARN_OBJC_IMPLICIT_RETAIN_SELF = YES;
				CLANG_WARN_OBJC_LITERAL_CONVERSION = YES;
				CLANG_WARN_OBJC_ROOT_CLASS = YES_ERROR;
				CLANG_WARN_QUOTED_INCLUDE_IN_FRAMEWORK_HEADER = YES;
				CLANG_WARN_RANGE_LOOP_ANALYSIS = YES;
				CLANG_WARN_STRICT_PROTOTYPES = YES;
				CLANG_WARN_SUSPICIOUS_MOVE = YES;
				CLANG_WARN_UNGUARDED_AVAILABILITY = YES_AGGRESSIVE;
				CLANG_WARN_UNREACHABLE_CODE = YES;
				CLANG_WARN__DUPLICATE_METHOD_MATCH = YES;
				COPY_PHASE_STRIP = NO;
				DEBUG_INFORMATION_FORMAT = "dwarf-with-dsym";
				ENABLE_NS_ASSERTIONS = NO;
				ENABLE_STRICT_OBJC_MSGSEND = YES;
				GCC_C_LANGUAGE_STANDARD = gnu11;
				GCC_NO_COMMON_BLOCKS = YES;
				GCC_WARN_64_TO_32_BIT_CONVERSION = YES;
				GCC_WARN_ABOUT_RETURN_TYPE = YES_ERROR;
				GCC_WARN_UNDECLARED_SELECTOR = YES;
				GCC_WARN_UNINITIALIZED_AUTOS = YES_AGGRESSIVE;
				GCC_WARN_UNUSED_FUNCTION = YES;
				GCC_WARN_UNUSED_VARIABLE = YES;
				IPHONEOS_DEPLOYMENT_TARGET = 16.4;
				MTL_ENABLE_DEBUG_INFO = NO;
				MTL_FAST_MATH = YES;
				SDKROOT = iphoneos;
				SWIFT_COMPILATION_MODE = wholemodule;
				SWIFT_OPTIMIZATION_LEVEL = "-O";
				VALIDATE_PRODUCT = YES;
			};
			name = Release;
		};
		4C3862B52A75881C005C9C3B /* Debug */ = {
			isa = XCBuildConfiguration;
			baseConfigurationReference = D7C159868B3C5C6A335150BF /* Pods-DevPoliChallenge.debug.xcconfig */;
			buildSettings = {
				ASSETCATALOG_COMPILER_APPICON_NAME = AppIcon;
				ASSETCATALOG_COMPILER_GLOBAL_ACCENT_COLOR_NAME = AccentColor;
				ASSETCATALOG_COMPILER_INCLUDE_ALL_APPICON_ASSETS = YES;
				CODE_SIGN_ENTITLEMENTS = DevPoliChallenge/DevPoliChallenge.entitlements;
				CODE_SIGN_IDENTITY = "Apple Development";
				CODE_SIGN_STYLE = Automatic;
				CURRENT_PROJECT_VERSION = 2023;
				DEVELOPMENT_TEAM = B332QL45N5;
				GENERATE_INFOPLIST_FILE = YES;
				INFOPLIST_FILE = DevPoliChallenge/Resources/Info.plist;
				INFOPLIST_KEY_CFBundleDisplayName = "DevPoli Challenge";
				INFOPLIST_KEY_LSApplicationCategoryType = "public.app-category.education";
				INFOPLIST_KEY_NSMicrophoneUsageDescription = "Talk with IA";
				INFOPLIST_KEY_UIApplicationSupportsIndirectInputEvents = YES;
				INFOPLIST_KEY_UILaunchStoryboardName = LaunchScreen.storyboard;
				INFOPLIST_KEY_UIMainStoryboardFile = "";
				INFOPLIST_KEY_UISupportedInterfaceOrientations = UIInterfaceOrientationPortrait;
				INFOPLIST_KEY_UISupportedInterfaceOrientations_iPad = "UIInterfaceOrientationPortrait UIInterfaceOrientationPortraitUpsideDown";
				IPHONEOS_DEPLOYMENT_TARGET = 14.0;
				LD_RUNPATH_SEARCH_PATHS = (
					"$(inherited)",
					"@executable_path/Frameworks",
				);
				MARKETING_VERSION = 1.0.0;
				PRODUCT_BUNDLE_IDENTIFIER = com.devpoli.DevPoliChallenge;
				PRODUCT_NAME = "$(TARGET_NAME)";
				PROVISIONING_PROFILE_SPECIFIER = "";
				SWIFT_EMIT_LOC_STRINGS = YES;
				SWIFT_VERSION = 5.0;
				TARGETED_DEVICE_FAMILY = "1,2";
			};
			name = Debug;
		};
		4C3862B62A75881C005C9C3B /* Release */ = {
			isa = XCBuildConfiguration;
			baseConfigurationReference = 506EC7974A8FFD63ED44B22E /* Pods-DevPoliChallenge.release.xcconfig */;
			buildSettings = {
				ASSETCATALOG_COMPILER_APPICON_NAME = AppIcon;
				ASSETCATALOG_COMPILER_GLOBAL_ACCENT_COLOR_NAME = AccentColor;
				ASSETCATALOG_COMPILER_INCLUDE_ALL_APPICON_ASSETS = YES;
				CODE_SIGN_ENTITLEMENTS = DevPoliChallenge/DevPoliChallenge.entitlements;
				CODE_SIGN_IDENTITY = "Apple Development";
				CODE_SIGN_STYLE = Automatic;
				CURRENT_PROJECT_VERSION = 2023;
				DEVELOPMENT_TEAM = B332QL45N5;
				GENERATE_INFOPLIST_FILE = YES;
				INFOPLIST_FILE = DevPoliChallenge/Resources/Info.plist;
				INFOPLIST_KEY_CFBundleDisplayName = "DevPoli Challenge";
				INFOPLIST_KEY_LSApplicationCategoryType = "public.app-category.education";
				INFOPLIST_KEY_NSMicrophoneUsageDescription = "Talk with IA";
				INFOPLIST_KEY_UIApplicationSupportsIndirectInputEvents = YES;
				INFOPLIST_KEY_UILaunchStoryboardName = LaunchScreen.storyboard;
				INFOPLIST_KEY_UIMainStoryboardFile = "";
				INFOPLIST_KEY_UISupportedInterfaceOrientations = UIInterfaceOrientationPortrait;
				INFOPLIST_KEY_UISupportedInterfaceOrientations_iPad = "UIInterfaceOrientationPortrait UIInterfaceOrientationPortraitUpsideDown";
				IPHONEOS_DEPLOYMENT_TARGET = 14.0;
				LD_RUNPATH_SEARCH_PATHS = (
					"$(inherited)",
					"@executable_path/Frameworks",
				);
				MARKETING_VERSION = 1.0.0;
				PRODUCT_BUNDLE_IDENTIFIER = com.devpoli.DevPoliChallenge;
				PRODUCT_NAME = "$(TARGET_NAME)";
				PROVISIONING_PROFILE_SPECIFIER = "";
				SWIFT_EMIT_LOC_STRINGS = YES;
				SWIFT_VERSION = 5.0;
				TARGETED_DEVICE_FAMILY = "1,2";
			};
			name = Release;
		};
/* End XCBuildConfiguration section */

/* Begin XCConfigurationList section */
		4C38629B2A758819005C9C3B /* Build configuration list for PBXProject "DevPoliChallenge" */ = {
			isa = XCConfigurationList;
			buildConfigurations = (
				4C3862B22A75881C005C9C3B /* Debug */,
				4C3862B32A75881C005C9C3B /* Release */,
			);
			defaultConfigurationIsVisible = 0;
			defaultConfigurationName = Release;
		};
		4C3862B42A75881C005C9C3B /* Build configuration list for PBXNativeTarget "DevPoliChallenge" */ = {
			isa = XCConfigurationList;
			buildConfigurations = (
				4C3862B52A75881C005C9C3B /* Debug */,
				4C3862B62A75881C005C9C3B /* Release */,
			);
			defaultConfigurationIsVisible = 0;
			defaultConfigurationName = Release;
		};
/* End XCConfigurationList section */
	};
	rootObject = 4C3862982A758819005C9C3B /* Project object */;
}
